
Microsoft Visual Studio Solution File, Format Version 12.00
# Visual Studio Version 17
VisualStudioVersion = 17.7.34024.191
MinimumVisualStudioVersion = 10.0.40219.1
Project("{FAE04EC0-301F-11D3-BF4B-00C04F79EFBC}") = "WebApi", "WebApi\WebApi.csproj", "{6F44A7DF-23DC-478A-AA88-1DE726C0CC3E}"
EndProject
Project("{FAE04EC0-301F-11D3-BF4B-00C04F79EFBC}") = "Database", "Database\Database.csproj", "{346F6560-DBE3-4C20-B44E-1ED5DCA98D34}"
EndProject
Global
	GlobalSection(SolutionConfigurationPlatforms) = preSolution
		Debug|Any CPU = Debug|Any CPU
		Release|Any CPU = Release|Any CPU
	EndGlobalSection
	GlobalSection(ProjectConfigurationPlatforms) = postSolution
		{6F44A7DF-23DC-478A-AA88-1DE726C0CC3E}.Debug|Any CPU.ActiveCfg = Debug|Any CPU
		{6F44A7DF-23DC-478A-AA88-1DE726C0CC3E}.Debug|Any CPU.Build.0 = Debug|Any CPU
		{6F44A7DF-23DC-478A-AA88-1DE726C0CC3E}.Release|Any CPU.ActiveCfg = Release|Any CPU
		{6F44A7DF-23DC-478A-AA88-1DE726C0CC3E}.Release|Any CPU.Build.0 = Release|Any CPU
		{346F6560-DBE3-4C20-B44E-1ED5DCA98D34}.Debug|Any CPU.ActiveCfg = Debug|Any CPU
		{346F6560-DBE3-4C20-B44E-1ED5DCA98D34}.Debug|Any CPU.Build.0 = Debug|Any CPU
		{346F6560-DBE3-4C20-B44E-1ED5DCA98D34}.Release|Any CPU.ActiveCfg = Release|Any CPU
		{346F6560-DBE3-4C20-B44E-1ED5DCA98D34}.Release|Any CPU.Build.0 = Release|Any CPU
	EndGlobalSection
	GlobalSection(SolutionProperties) = preSolution
		HideSolutionNode = FALSE
	EndGlobalSection
	GlobalSection(ExtensibilityGlobals) = postSolution
		SolutionGuid = {69A7523F-56B4-4226-9C70-5B836B4155E8}
	EndGlobalSection
EndGlobal
